
Microsoft Visual Studio Solution File, Format Version 12.00
# Visual Studio 15
VisualStudioVersion = 15.0.27130.2020
MinimumVisualStudioVersion = 10.0.40219.1
Project("{FAE04EC0-301F-11D3-BF4B-00C04F79EFBC}") = "WebApi", "WebApi\WebApi.csproj", "{7D192BEA-AF62-41D6-A471-967218DF73A9}"
EndProject
Project("{FAE04EC0-301F-11D3-BF4B-00C04F79EFBC}") = "Domain", "Domain\Domain.csproj", "{AC0CC72C-9EB6-45F0-A979-B38965A2E065}"
EndProject
Global
	GlobalSection(SolutionConfigurationPlatforms) = preSolution
		Debug|Any CPU = Debug|Any CPU
		Release|Any CPU = Release|Any CPU
	EndGlobalSection
	GlobalSection(ProjectConfigurationPlatforms) = postSolution
		{7D192BEA-AF62-41D6-A471-967218DF73A9}.Debug|Any CPU.ActiveCfg = Debug|Any CPU
		{7D192BEA-AF62-41D6-A471-967218DF73A9}.Debug|Any CPU.Build.0 = Debug|Any CPU
		{7D192BEA-AF62-41D6-A471-967218DF73A9}.Release|Any CPU.ActiveCfg = Release|Any CPU
		{7D192BEA-AF62-41D6-A471-967218DF73A9}.Release|Any CPU.Build.0 = Release|Any CPU
		{AC0CC72C-9EB6-45F0-A979-B38965A2E065}.Debug|Any CPU.ActiveCfg = Debug|Any CPU
		{AC0CC72C-9EB6-45F0-A979-B38965A2E065}.Debug|Any CPU.Build.0 = Debug|Any CPU
		{AC0CC72C-9EB6-45F0-A979-B38965A2E065}.Release|Any CPU.ActiveCfg = Release|Any CPU
		{AC0CC72C-9EB6-45F0-A979-B38965A2E065}.Release|Any CPU.Build.0 = Release|Any CPU
	EndGlobalSection
	GlobalSection(SolutionProperties) = preSolution
		HideSolutionNode = FALSE
	EndGlobalSection
	GlobalSection(ExtensibilityGlobals) = postSolution
		SolutionGuid = {C6661ECD-8556-466A-836A-A99292CA0AC9}
	EndGlobalSection
EndGlobal
